dependencies:
- name: nextcloud
  repository: https://nextcloud.github.io/helm/
  version: 8.0.1
- name: postgresql
  repository: oci://registry-1.docker.io/bitnamicharts
  version: 16.7.27
- name: mariadb
  repository: oci://registry-1.docker.io/bitnamicharts
  version: 22.0.0
- name: redis
  repository: oci://registry-1.docker.io/bitnamicharts
  version: 22.0.7
digest: sha256:9dac9336132faba84afce509938c23c4e384d4a96d443c05b1d95819aae6cf38
generated: "2025-09-17T14:22:58.456833985-04:00"
