dependencies:
- name: nextcloud
  repository: https://nextcloud.github.io/helm/
  version: 5.5.3
- name: postgresql
  repository: oci://registry-1.docker.io/bitnamicharts
  version: 15.5.0
- name: mariadb
  repository: oci://registry-1.docker.io/bitnamicharts
  version: 18.2.4
- name: redis
  repository: oci://registry-1.docker.io/bitnamicharts
  version: 19.6.0
digest: sha256:08023cafe68e0f7210194fc132d75361e6cd46e2655b82ecdb6beacea189487a
generated: "2024-09-03T14:38:05.161269307-04:00"
